
Microsoft Visual Studio Solution File, Format Version 10.00
# Visual Studio 2008
Project("{8BC9CEB8-8B4A-11D0-8D11-00A0C91BC942}") = "Qt", "Qt\Qt.vcproj", "{ECADDDA4-EA6B-49A5-B436-63C5FD7DFFA3}"
EndProject
Global
	GlobalSection(SolutionConfigurationPlatforms) = preSolution
		Debug|Win32 = Debug|Win32
		Release|Win32 = Release|Win32
	EndGlobalSection
	GlobalSection(ProjectConfigurationPlatforms) = postSolution
		{ECADDDA4-EA6B-49A5-B436-63C5FD7DFFA3}.Debug|Win32.ActiveCfg = Debug|Win32
		{ECADDDA4-EA6B-49A5-B436-63C5FD7DFFA3}.Debug|Win32.Build.0 = Debug|Win32
		{ECADDDA4-EA6B-49A5-B436-63C5FD7DFFA3}.Release|Win32.ActiveCfg = Release|Win32
		{ECADDDA4-EA6B-49A5-B436-63C5FD7DFFA3}.Release|Win32.Build.0 = Release|Win32
	EndGlobalSection
	GlobalSection(SolutionProperties) = preSolution
		HideSolutionNode = FALSE
	EndGlobalSection
EndGlobal
